PODS:
  - Capacitor (5.7.8):
    - CapacitorCordova
  - CapacitorBackgroundRunner (1.1.0):
    - Capacitor
  - CapacitorCordova (5.7.8)
  - CapacitorHaptics (5.0.8):
    - Capacitor
  - CapacitorLocalNotifications (5.0.8):
    - Capacitor

DEPENDENCIES:
  - "Capacitor (from `../../node_modules/@capacitor/ios`)"
  - "CapacitorBackgroundRunner (from `../../node_modules/@capacitor/background-runner`)"
  - "CapacitorCordova (from `../../node_modules/@capacitor/ios`)"
  - "CapacitorHaptics (from `../../node_modules/@capacitor/haptics`)"
  - "CapacitorLocalNotifications (from `../../node_modules/@capacitor/local-notifications`)"

EXTERNAL SOURCES:
  Capacitor:
    :path: "../../node_modules/@capacitor/ios"
  CapacitorBackgroundRunner:
    :path: "../../node_modules/@capacitor/background-runner"
  CapacitorCordova:
    :path: "../../node_modules/@capacitor/ios"
  CapacitorHaptics:
    :path: "../../node_modules/@capacitor/haptics"
  CapacitorLocalNotifications:
    :path: "../../node_modules/@capacitor/local-notifications"

SPEC CHECKSUMS:
  Capacitor: 9686e5711b48a1aa84671ede795d0175848abcba
  CapacitorBackgroundRunner: d8e1a39a7618292a78653a857a12028bf89f6571
  CapacitorCordova: 31ab98dca2ddcee051027a1afe7e8c85c82f7297
  CapacitorHaptics: acd823c6ed0ec2cd968a09316768144b0495a1e7
  CapacitorLocalNotifications: 73765422be07829b2d0a4c7c22a77ea2252ca210

PODFILE CHECKSUM: a111753b6f66651162c31f0602ddaaf3f8f377ac

COCOAPODS: 1.16.2
